<?xml version="1.0" encoding="utf-8"?>
<Project ToolsVersion="4.0" xmlns="http://schemas.microsoft.com/developer/msbuild/2003">
  <ItemGroup>
    <Filter Include="include">
      <UniqueIdentifier>{ad71d57e-98f0-496b-b1d5-efa7a29eb4be}</UniqueIdentifier>
    </Filter>
    <Filter Include="include\filters">
      <UniqueIdentifier>{2f72ec4f-81cb-4976-b938-fdd8fdb4283d}</UniqueIdentifier>
    </Filter>
    <Filter Include="include\generators">
      <UniqueIdentifier>{953cc77e-ff92-4ffc-9d36-df8b2575feb1}</UniqueIdentifier>
    </Filter>
    <Filter Include="include\transforms">
      <UniqueIdentifier>{589905ba-b226-4efe-b6c1-226b480d5ed3}</UniqueIdentifier>
    </Filter>
    <Filter Include="include\containers">
      <UniqueIdentifier>{15173c1e-3b23-4fb3-b405-943c77458c84}</UniqueIdentifier>
    </Filter>
    <Filter Include="include\functions">
      <UniqueIdentifier>{13fbd905-1274-49b0-9ed2-da030c44ee2b}</UniqueIdentifier>
    </Filter>
    <Filter Include="include\delay">
      <UniqueIdentifier>{4f050f7d-6477-428b-9bbb-f0532199fe3b}</UniqueIdentifier>
    </Filter>
  </ItemGroup>
  <ItemGroup>
    <ClInclude Include="$(MSBuildThisFileDirectory)include\miqs_headers.h">
      <Filter>include</Filter>
    </ClInclude>
    <ClInclude Include="$(MSBuildThisFileDirectory)include\miqs_implements.h">
      <Filter>include</Filter>
    </ClInclude>
    <ClInclude Include="$(MSBuildThisFileDirectory)include\miqs_math.h">
      <Filter>include</Filter>
    </ClInclude>
    <ClInclude Include="$(MSBuildThisFileDirectory)include\miqs_phasors.h">
      <Filter>include</Filter>
    </ClInclude>
    <ClInclude Include="$(MSBuildThisFileDirectory)include\miqs_utils.h">
      <Filter>include</Filter>
    </ClInclude>
    <ClInclude Include="$(MSBuildThisFileDirectory)include\miqs_windows.h">
      <Filter>include</Filter>
    </ClInclude>
    <ClInclude Include="$(MSBuildThisFileDirectory)include\miqs.h">
      <Filter>include</Filter>
    </ClInclude>
    <ClInclude Include="$(MSBuildThisFileDirectory)include\miqs_basic_operators.h">
      <Filter>include</Filter>
    </ClInclude>
    <ClInclude Include="$(MSBuildThisFileDirectory)include\miqs_basictype.h">
      <Filter>include</Filter>
    </ClInclude>
    <ClInclude Include="$(MSBuildThisFileDirectory)include\miqs_cont_array_accessor.h">
      <Filter>include\containers</Filter>
    </ClInclude>
    <ClInclude Include="$(MSBuildThisFileDirectory)include\miqs_gen_generator.h">
      <Filter>include\generators</Filter>
    </ClInclude>
    <ClInclude Include="$(MSBuildThisFileDirectory)include\miqs_trans_functions.h">
      <Filter>include\transforms</Filter>
    </ClInclude>
    <ClInclude Include="$(MSBuildThisFileDirectory)include\miqs_trans_fft.h">
      <Filter>include\transforms</Filter>
    </ClInclude>
    <ClInclude Include="$(MSBuildThisFileDirectory)include\miqs_cont_sample_wrapper.h">
      <Filter>include\containers</Filter>
    </ClInclude>
    <ClInclude Include="$(MSBuildThisFileDirectory)include\miqs_filter_all_zero.h">
      <Filter>include\filters</Filter>
    </ClInclude>
    <ClInclude Include="$(MSBuildThisFileDirectory)include\miqs_filter_all_pole.h">
      <Filter>include\filters</Filter>
    </ClInclude>
    <ClInclude Include="$(MSBuildThisFileDirectory)include\miqs_functions.h">
      <Filter>include\functions</Filter>
    </ClInclude>
    <ClInclude Include="$(MSBuildThisFileDirectory)include\miqs_func_combines.h">
      <Filter>include\functions</Filter>
    </ClInclude>
    <ClInclude Include="$(MSBuildThisFileDirectory)include\miqs_filter_1st_allpass.h">
      <Filter>include\filters</Filter>
    </ClInclude>
    <ClInclude Include="$(MSBuildThisFileDirectory)include\miqs_filter_2nd_allpass.h">
      <Filter>include\filters</Filter>
    </ClInclude>
    <ClInclude Include="$(MSBuildThisFileDirectory)include\miqs_filter_basic.h">
      <Filter>include\filters</Filter>
    </ClInclude>
    <ClInclude Include="$(MSBuildThisFileDirectory)include\miqs_filter_based_1st_allpass.h">
      <Filter>include\filters</Filter>
    </ClInclude>
    <ClInclude Include="$(MSBuildThisFileDirectory)include\miqs_filter_based_2nd_allpass.h">
      <Filter>include\filters</Filter>
    </ClInclude>
    <ClInclude Include="$(MSBuildThisFileDirectory)include\miqs_func_cascade_filter.h">
      <Filter>include\functions</Filter>
    </ClInclude>
    <ClInclude Include="$(MSBuildThisFileDirectory)include\miqs_func_filter_coeff_allpass.h">
      <Filter>include\functions</Filter>
    </ClInclude>
    <ClInclude Include="$(MSBuildThisFileDirectory)include\miqs_func_filter_coeff_canonical.h">
      <Filter>include\functions</Filter>
    </ClInclude>
    <ClInclude Include="$(MSBuildThisFileDirectory)include\miqs_filter_canonical.h">
      <Filter>include\filters</Filter>
    </ClInclude>
    <ClInclude Include="$(MSBuildThisFileDirectory)include\miqs_cont_circular_adaptor.h">
      <Filter>include\containers</Filter>
    </ClInclude>
    <ClInclude Include="$(MSBuildThisFileDirectory)include\miqs_cont_circular_block.h">
      <Filter>include\containers</Filter>
    </ClInclude>
    <ClInclude Include="$(MSBuildThisFileDirectory)include\miqs_delay_basic.h">
      <Filter>include\delay</Filter>
    </ClInclude>
    <ClInclude Include="$(MSBuildThisFileDirectory)include\miqs_interpolation.h">
      <Filter>include</Filter>
    </ClInclude>
    <ClInclude Include="$(MSBuildThisFileDirectory)include\miqs_delay_fraction.h">
      <Filter>include\delay</Filter>
    </ClInclude>
    <ClInclude Include="$(MSBuildThisFileDirectory)include\miqs_cont_circular_iterator.h">
      <Filter>include\containers</Filter>
    </ClInclude>
  </ItemGroup>
</Project>