<?xml version="1.0" encoding="utf-8"?>
<Project ToolsVersion="4.0" xmlns="http://schemas.microsoft.com/developer/msbuild/2003">
  <ItemGroup>
    <Text Include="ReadMe.txt" />
  </ItemGroup>
  <ItemGroup>
    <ClCompile Include="miqs_test_generator.cpp" />
    <ClCompile Include="miqs_test_ana_applywindow.cpp" />
    <ClCompile Include="miqs_test_ana_fft.cpp" />
    <ClCompile Include="miqs_test_basicops.cpp" />
    <ClCompile Include="miqs_test_ana_pitchestimation1.cpp" />
    <ClCompile Include="miqs_test_ana_pitchestimation2.cpp" />
    <ClCompile Include="miqs_test_ana_spectrogram.cpp" />
    <ClCompile Include="miqs_test_ana_basicfilter.cpp" />
    <ClCompile Include="miqs_test_ana_biquadfilter.cpp" />
    <ClCompile Include="miqs_test_ana_delay.cpp" />
    <ClCompile Include="miqs_test_ana_implement_test.cpp" />
    <ClCompile Include="miqs_test_delay_effect_vibrato.cpp" />
    <ClCompile Include="miqs_test_comb_effects.cpp" />
    <ClCompile Include="miqs_test_natural_comb_filter.cpp" />
  </ItemGroup>
  <ItemGroup>
    <ClInclude Include="miqs_test.h" />
    <ClInclude Include="miqs_test_ana_allpassfilter.cpp" />
  </ItemGroup>
</Project>