<?xml version="1.0" encoding="utf-8"?>
<Project ToolsVersion="4.0" xmlns="http://schemas.microsoft.com/developer/msbuild/2003">
  <ItemGroup>
    <Text Include="ReadMe.txt" />
  </ItemGroup>
  <ItemGroup>
    <ClCompile Include="miqs_test_func_implement_test.cpp" />
    <ClCompile Include="miqs_test_rt_implement_test.cpp" />
    <ClCompile Include="miqs_test_funcs.cpp" />
    <ClCompile Include="miqs_test_func_past.cpp" />
  </ItemGroup>
  <ItemGroup>
    <ClInclude Include="miqs_test.h" />
    <ClInclude Include="miqs_temp_impl.h" />
    <ClInclude Include="miqs_test_newfea_normalize.h">
      <Filter>functions</Filter>
    </ClInclude>
    <ClInclude Include="miqs_test_newfea_bind_comp_func.h">
      <Filter>functions</Filter>
    </ClInclude>
  </ItemGroup>
  <ItemGroup>
    <Filter Include="functions">
      <UniqueIdentifier>{836bbed9-20c4-435e-bc3e-29c35a6fbdce}</UniqueIdentifier>
    </Filter>
  </ItemGroup>
</Project>